version = 1
revision = 3
requires-python = ">=3.12"

[[package]]
name = "anyio"
version = "4.14.1"
source = { registry = "https://pypi.org/simple" }
dependencies = [
    { name = "idna" },
    { name = "typing-extensions", marker = "python_full_version < '3.13'" },
]
sdist = { url = "https://files.pythonhosted.org/packages/3b/72/5562aabb8dd7181e8e860622a38bea08d17842b99ecd4c91f84ac95251b0/anyio-4.14.1.tar.gz", hash = "sha256:8d648a3544c1a700e3ff78615cd679e4c5c3f149904287e73687b2596963629e", size = 254831, upload-time = "2026-06-24T20:56:06.017Z" }
wheels = [
    { url = "https://files.pythonhosted.org/packages/b0/7b/90df4a0a816d98d6ea26f559d87836d494a2cf1fcf063be67df50a7bcc30/anyio-4.14.1-py3-none-any.whl", hash = "sha256:4e5533c5b8ff0a24f5d7a176cbe6877129cd183893f66b537f8f227d10527d72", size = 124875, upload-time = "2026-06-24T20:56:04.413Z" },
]

[[package]]
name = "certifi"
version = "2026.6.17"
source = { registry = "https://pypi.org/simple" }
sdist = { url = "https://files.pythonhosted.org/packages/c9/c7/424b75da314c1045981bd9777432fad05a9e0c69daa4ed7e308bbaffe405/certifi-2026.6.17.tar.gz", hash = "sha256:024c88eeec92ca068db80f02b8b07c9cef7b9fe261d1d535abfd5abd6f6af432", size = 134594, upload-time = "2026-06-17T10:31:07.894Z" }
wheels = [
    { url = "https://files.pythonhosted.org/packages/ef/2f/c5464532e965badff2f4c4c1a3a83f5697f0d7c407ed0cda44aaa99bb451/certifi-2026.6.17-py3-none-any.whl", hash = "sha256:2227dcbaafe0d2f59279d1762ddddc37783ed4354594f194ffc31d20f41fc3db", size = 133289, upload-time = "2026-06-17T10:31:06.348Z" },
]

[[package]]
name = "colorama"
version = "0.4.6"
source = { registry = "https://pypi.org/simple" }
sdist = { url = "https://files.pythonhosted.org/packages/d8/53/6f443c9a4a8358a93a6792e2acffb9d9d5cb0a5cfd8802644b7b1c9a02e4/colorama-0.4.6.tar.gz", hash = "sha256:08695f5cb7ed6e0531a20572697297273c47b8cae5a63ffc6d6ed5c201be6e44", size = 27697, upload-time = "2022-10-25T02:36:22.414Z" }
wheels = [
    { url = "https://files.pythonhosted.org/packages/d1/d6/3965ed04c63042e047cb6a3e6ed1a63a35087b6a609aa3a15ed8ac56c221/colorama-0.4.6-py2.py3-none-any.whl", hash = "sha256:4f1d9991f5acc0ca119f9d443620b77f9d6b33703e51011c16baf57afb285fc6", size = 25335, upload-time = "2022-10-25T02:36:20.889Z" },
]

[[package]]
name = "exchange-monitor"
version = "0.1.0"
source = { editable = "." }
dependencies = [
    { name = "httpx" },
    { name = "selectolax" },
]

[package.dev-dependencies]
dev = [
    { name = "pytest" },
    { name = "ruff" },
]

[package.metadata]
requires-dist = [
    { name = "httpx", specifier = ">=0.28.1" },
    { name = "selectolax", specifier = ">=0.4.10" },
]

[package.metadata.requires-dev]
dev = [
    { name = "pytest", specifier = ">=9.1.1" },
    { name = "ruff", specifier = ">=0.15.20" },
]

[[package]]
name = "h11"
version = "0.16.0"
source = { registry = "https://pypi.org/simple" }
sdist = { url = "https://files.pythonhosted.org/packages/01/ee/02a2c011bdab74c6fb3c75474d40b3052059d95df7e73351460c8588d963/h11-0.16.0.tar.gz", hash = "sha256:4e35b956cf45792e4caa5885e69fba00bdbc6ffafbfa020300e549b208ee5ff1", size = 101250, upload-time = "2025-04-24T03:35:25.427Z" }
wheels = [
    { url = "https://files.pythonhosted.org/packages/04/4b/29cac41a4d98d144bf5f6d33995617b185d14b22401f75ca86f384e87ff1/h11-0.16.0-py3-none-any.whl", hash = "sha256:63cf8bbe7522de3bf65932fda1d9c2772064ffb3dae62d55932da54b31cb6c86", size = 37515, upload-time = "2025-04-24T03:35:24.344Z" },
]

[[package]]
name = "httpcore"
version = "1.0.9"
source = { registry = "https://pypi.org/simple" }
dependencies = [
    { name = "certifi" },
    { name = "h11" },
]
sdist = { url = "https://files.pythonhosted.org/packages/06/94/82699a10bca87a5556c9c59b5963f2d039dbd239f25bc2a63907a05a14cb/httpcore-1.0.9.tar.gz", hash = "sha256:6e34463af53fd2ab5d807f399a9b45ea31c3dfa2276f15a2c3f00afff6e176e8", size = 85484, upload-time = "2025-04-24T22:06:22.219Z" }
wheels = [
    { url = "https://files.pythonhosted.org/packages/7e/f5/f66802a942d491edb555dd61e3a9961140fd64c90bce1eafd741609d334d/httpcore-1.0.9-py3-none-any.whl", hash = "sha256:2d400746a40668fc9dec9810239072b40b4484b640a8c38fd654a024c7a1bf55", size = 78784, upload-time = "2025-04-24T22:06:20.566Z" },
]

[[package]]
name = "httpx"
version = "0.28.1"
source = { registry = "https://pypi.org/simple" }
dependencies = [
    { name = "anyio" },
    { name = "certifi" },
    { name = "httpcore" },
    { name = "idna" },
]
sdist = { url = "https://files.pythonhosted.org/packages/b1/df/48c586a5fe32a0f01324ee087459e112ebb7224f646c0b5023f5e79e9956/httpx-0.28.1.tar.gz", hash = "sha256:75e98c5f16b0f35b567856f597f06ff2270a374470a5c2392242528e3e3e42fc", size = 141406, upload-time = "2024-12-06T15:37:23.222Z" }
wheels = [
    { url = "https://files.pythonhosted.org/packages/2a/39/e50c7c3a983047577ee07d2a9e53faf5a69493943ec3f6a384bdc792deb2/httpx-0.28.1-py3-none-any.whl", hash = "sha256:d909fcccc110f8c7faf814ca82a9a4d816bc5a6dbfea25d6591d6985b8ba59ad", size = 73517, upload-time = "2024-12-06T15:37:21.509Z" },
]

[[package]]
name = "idna"
version = "3.18"
source = { registry = "https://pypi.org/simple" }
sdist = { url = "https://files.pythonhosted.org/packages/cd/63/9496c57188a2ee585e0f1db071d75089a11e98aa86eb99d9d7618fc1edce/idna-3.18.tar.gz", hash = "sha256:ffb385a7e039654cef1ab9ef32c6fafe283c0c0467bba1d9029738ce4a14a848", size = 196711, upload-time = "2026-06-02T14:34:07.794Z" }
wheels = [
    { url = "https://files.pythonhosted.org/packages/1e/5e/d4e9f1a599fb8e573b7b87160658329fbf28d19eac2718f51fc3def3aa5a/idna-3.18-py3-none-any.whl", hash = "sha256:7f952cbe720b688055e3f87de14f5c3e5fdaa8bc3928985c4077ca689de849a2", size = 65455, upload-time = "2026-06-02T14:34:06.319Z" },
]

[[package]]
name = "iniconfig"
version = "2.3.0"
source = { registry = "https://pypi.org/simple" }
sdist = { url = "https://files.pythonhosted.org/packages/72/34/14ca021ce8e5dfedc35312d08ba8bf51fdd999c576889fc2c24cb97f4f10/iniconfig-2.3.0.tar.gz", hash = "sha256:c76315c77db068650d49c5b56314774a7804df16fee4402c1f19d6d15d8c4730", size = 20503, upload-time = "2025-10-18T21:55:43.219Z" }
wheels = [
    { url = "https://files.pythonhosted.org/packages/cb/b1/3846dd7f199d53cb17f49cba7e651e9ce294d8497c8c150530ed11865bb8/iniconfig-2.3.0-py3-none-any.whl", hash = "sha256:f631c04d2c48c52b84d0d0549c99ff3859c98df65b3101406327ecc7d53fbf12", size = 7484, upload-time = "2025-10-18T21:55:41.639Z" },
]

[[package]]
name = "packaging"
version = "26.2"
source = { registry = "https://pypi.org/simple" }
sdist = { url = "https://files.pythonhosted.org/packages/d7/f1/e7a6dd94a8d4a5626c03e4e99c87f241ba9e350cd9e6d75123f992427270/packaging-26.2.tar.gz", hash = "sha256:ff452ff5a3e828ce110190feff1178bb1f2ea2281fa2075aadb987c2fb221661", size = 228134, upload-time = "2026-04-24T20:15:23.917Z" }
wheels = [
    { url = "https://files.pythonhosted.org/packages/df/b2/87e62e8c3e2f4b32e5fe99e0b86d576da1312593b39f47d8ceef365e95ed/packaging-26.2-py3-none-any.whl", hash = "sha256:5fc45236b9446107ff2415ce77c807cee2862cb6fac22b8a73826d0693b0980e", size = 100195, upload-time = "2026-04-24T20:15:22.081Z" },
]

[[package]]
name = "pluggy"
version = "1.6.0"
source = { registry = "https://pypi.org/simple" }
sdist = { url = "https://files.pythonhosted.org/packages/f9/e2/3e91f31a7d2b083fe6ef3fa267035b518369d9511ffab804f839851d2779/pluggy-1.6.0.tar.gz", hash = "sha256:7dcc130b76258d33b90f61b658791dede3486c3e6bfb003ee5c9bfb396dd22f3", size = 69412, upload-time = "2025-05-15T12:30:07.975Z" }
wheels = [
    { url = "https://files.pythonhosted.org/packages/54/20/4d324d65cc6d9205fabedc306948156824eb9f0ee1633355a8f7ec5c66bf/pluggy-1.6.0-py3-none-any.whl", hash = "sha256:e920276dd6813095e9377c0bc5566d94c932c33b27a3e3945d8389c374dd4746", size = 20538, upload-time = "2025-05-15T12:30:06.134Z" },
]

[[package]]
name = "pygments"
version = "2.20.0"
source = { registry = "https://pypi.org/simple" }
sdist = { url = "https://files.pythonhosted.org/packages/c3/b2/bc9c9196916376152d655522fdcebac55e66de6603a76a02bca1b6414f6c/pygments-2.20.0.tar.gz", hash = "sha256:6757cd03768053ff99f3039c1a36d6c0aa0b263438fcab17520b30a303a82b5f", size = 4955991, upload-time = "2026-03-29T13:29:33.898Z" }
wheels = [
    { url = "https://files.pythonhosted.org/packages/f4/7e/a72dd26f3b0f4f2bf1dd8923c85f7ceb43172af56d63c7383eb62b332364/pygments-2.20.0-py3-none-any.whl", hash = "sha256:81a9e26dd42fd28a23a2d169d86d7ac03b46e2f8b59ed4698fb4785f946d0176", size = 1231151, upload-time = "2026-03-29T13:29:30.038Z" },
]

[[package]]
name = "pytest"
version = "9.1.1"
source = { registry = "https://pypi.org/simple" }
dependencies = [
    { name = "colorama", marker = "sys_platform == 'win32'" },
    { name = "iniconfig" },
    { name = "packaging" },
    { name = "pluggy" },
    { name = "pygments" },
]
sdist = { url = "https://files.pythonhosted.org/packages/e4/47/b9efed96c114afcfa3c9d3fe98a76a1d14c74a9e266d397cf6eb64be5e01/pytest-9.1.1.tar.gz", hash = "sha256:1088fbde8f2b49d95a549a195707afa7a76a3ce9bcadc26b6d71f0ffda5fe313", size = 1636369, upload-time = "2026-06-19T10:58:32.857Z" }
wheels = [
    { url = "https://files.pythonhosted.org/packages/24/25/1de2678b631f5a49215c6c96fff41ba892b0a34df68d6d80292b1b48aa7f/pytest-9.1.1-py3-none-any.whl", hash = "sha256:37a86b45efb9a47a61a36449063e8e18d0cab3161329fc099eb21783169c4f0c", size = 386536, upload-time = "2026-06-19T10:58:31.347Z" },
]

[[package]]
name = "ruff"
version = "0.15.20"
source = { registry = "https://pypi.org/simple" }
sdist = { url = "https://files.pythonhosted.org/packages/43/dc/35b341fc554ba02f217fc10da57d1a75168cfbcf75b0ef2202176d4c4f2d/ruff-0.15.20.tar.gz", hash = "sha256:1416eb04349192646b54de98f146c4f59afe37d0decfc02c3cbbf396f3a28566", size = 4755489, upload-time = "2026-06-25T17:20:37.578Z" }
wheels = [
    { url = "https://files.pythonhosted.org/packages/94/d9/2d5014f0253ba541d2061d9fa7193f48e941c8b21bb88a7ff9bbe0bd0596/ruff-0.15.20-py3-none-linux_armv6l.whl", hash = "sha256:00e188c53e499c3c1637f73c91dcf2fb56d576cab76ce1be50a27c4e80e37078", size = 10839665, upload-time = "2026-06-25T17:19:44.702Z" },
    { url = "https://files.pythonhosted.org/packages/c6/d3/ac1798ba64f670698867fcfc591d50e7e421bef137db564858f619a30fcf/ruff-0.15.20-py3-none-macosx_10_12_x86_64.whl", hash = "sha256:9ebd1fd9b9c95fc0bd7b2761aebec1f030013d2e193a2901b224af68fe47251b", size = 11208649, upload-time = "2026-06-25T17:19:48.787Z" },
    { url = "https://files.pythonhosted.org/packages/47/47/d3ac899991202095dfcf3d5176be4272642be3cf981a2f1a30f72a2afb95/ruff-0.15.20-py3-none-macosx_11_0_arm64.whl", hash = "sha256:c5b16cdd67ca108185cd36dce98c576350c03b1660a751de725fb049193a0632", size = 10622638, upload-time = "2026-06-25T17:19:51.354Z" },
    { url = "https://files.pythonhosted.org/packages/33/13/4e043fe30aa94d4ff5213a9881fc296d12960f5971b234a5263fdc225312/ruff-0.15.20-py3-none-manylinux_2_17_aarch64.manylinux2014_aarch64.whl", hash = "sha256:3413bb3c3d2ca6a8208f1f4809cd2dca3c6de6d0b491c0e70847672bde6e6efd", size = 10984227, upload-time = "2026-06-25T17:19:54.044Z" },
    { url = "https://files.pythonhosted.org/packages/76/e6/92e7bf40388bc5800073b96564f56264f7e48bfd1a498f5ced6ae6d5a769/ruff-0.15.20-py3-none-manylinux_2_17_armv7l.manylinux2014_armv7l.whl", hash = "sha256:bd7ec42b3bb3da066488db093308a69c4ac5ee6d2af333a86ba6e2eb2e7dd44b", size = 10622882, upload-time = "2026-06-25T17:19:57.037Z" },
    { url = "https://files.pythonhosted.org/packages/13/7a/43460be3f24495a3aa46d4b16873e2c4941b3b5f0b00cf88c03b7b94b339/ruff-0.15.20-py3-none-manylinux_2_17_i686.manylinux2014_i686.whl", hash = "sha256:e1a36ad0eb77fba9aabfb69ede54de6f376d04ac18ebea022847046d340a8267", size = 11474808, upload-time = "2026-06-25T17:20:00.357Z" },
    { url = "https://files.pythonhosted.org/packages/27/a0/f37077884873221c6b33b4ab49eb18f9f88e54a16a25a5bca59bef46dd66/ruff-0.15.20-py3-none-manylinux_2_17_ppc64le.manylinux2014_ppc64le.whl", hash = "sha256:b6df3b1e4610432f0386dba04d853b5f08cbbc903410c6fcc02f620f05aff53c", size = 12293094, upload-time = "2026-06-25T17:20:03.446Z" },
    { url = "https://files.pythonhosted.org/packages/a6/74/165545b60256a9704c21ac0ec4a0d07933b320812f9584836c9f4aca4292/ruff-0.15.20-py3-none-manylinux_2_17_s390x.manylinux2014_s390x.whl", hash = "sha256:e89f198a1ea6ef0d727c1cf16088bc91a6cb0ab947dedc966715691647186eae", size = 11526176, upload-time = "2026-06-25T17:20:06.301Z" },
    { url = "https://files.pythonhosted.org/packages/86/b1/a976a136d40ade83ce743578399865f57001003a409acadc0ecbb3051082/ruff-0.15.20-py3-none-manylinux_2_17_x86_64.manylinux2014_x86_64.whl", hash = "sha256:309809086c2acb67624950a3c8133e80f32d0d3e27106c0cd60ff26657c9f24b", size = 11520767, upload-time = "2026-06-25T17:20:09.191Z" },
    { url = "https://files.pythonhosted.org/packages/19/0f/f032696cb01c9b54c0263fa393474d7758f1cdc021a01b04e3cbc2500999/ruff-0.15.20-py3-none-manylinux_2_31_riscv64.whl", hash = "sha256:2d2374caa2f2c2f9e2b7da0a50802cfb8b79f55a9b5e49379f564544fbf56487", size = 11500132, upload-time = "2026-06-25T17:20:13.602Z" },
    { url = "https://files.pythonhosted.org/packages/4b/f4/51b1a14bc69e8c224b15dab9cce8e99b425e0455d462caa2b3c9be2b6a8e/ruff-0.15.20-py3-none-musllinux_1_2_aarch64.whl", hash = "sha256:a1ed17b65293e0c2f22fc387bc13198a5de94bf4429589b0ff6946b0feaf21a3", size = 10943828, upload-time = "2026-06-25T17:20:16.635Z" },
    { url = "https://files.pythonhosted.org/packages/71/4b/fe267640783cd02bf6c5cc290b1df1051be2ec294c678b5c15fe19e52343/ruff-0.15.20-py3-none-musllinux_1_2_armv7l.whl", hash = "sha256:f701305e66b38ea6c91882490eb73459796808e4c6362a1b765255e0cdcd4053", size = 10645418, upload-time = "2026-06-25T17:20:19.4Z" },
    { url = "https://files.pythonhosted.org/packages/b0/c0/a65aa4ec2f5e87a1df32dc3ec1fede434fe3dfd5cbcf3b503cafc676ab54/ruff-0.15.20-py3-none-musllinux_1_2_i686.whl", hash = "sha256:5b9c0c367ad8e5d0d5b5b8537864c469a0a0e55417aadfbeca41fa61333be9f4", size = 11211770, upload-time = "2026-06-25T17:20:22.033Z" },
    { url = "https://files.pythonhosted.org/packages/5a/a4/0caa331d954ae2723d729d351c989cb4ca8b6077d5c6c2cb6de75e98c041/ruff-0.15.20-py3-none-musllinux_1_2_x86_64.whl", hash = "sha256:01cc00dd58f0df339d0e902219dd53990ea99996a0344e5d9cc8d45d5307e460", size = 11618698, upload-time = "2026-06-25T17:20:25.259Z" },
    { url = "https://files.pythonhosted.org/packages/10/9b/5f14927848d2fd4aa891fd88d883788c5a7baba561c7874732364045708c/ruff-0.15.20-py3-none-win32.whl", hash = "sha256:ed65ef510e43a137207e0f01cfcf998aeddb1aeeda5c9d35023e910284d7cf21", size = 10857322, upload-time = "2026-06-25T17:20:28.612Z" },
    { url = "https://files.pythonhosted.org/packages/fa/f0/fe47c501f9dea92a26d788ff98bb5d92ed4cb4c88792c5c88af6b697dc8e/ruff-0.15.20-py3-none-win_amd64.whl", hash = "sha256:a525c81c70fb0380344dd1d8745d8cc1c890b7fc94a58d5a07bd8eb9557b8415", size = 11993274, upload-time = "2026-06-25T17:20:31.871Z" },
    { url = "https://files.pythonhosted.org/packages/d7/2b/9555445e1201d92b3195f45cdb153a0b68f24e0a4273f6e3d5ab46e212bb/ruff-0.15.20-py3-none-win_arm64.whl", hash = "sha256:2f5b2a6d614e8700388806a14996c40fab2c47b819ef57d790a34878858ed9ca", size = 11343498, upload-time = "2026-06-25T17:20:35.03Z" },
]

[[package]]
name = "selectolax"
version = "0.4.10"
source = { registry = "https://pypi.org/simple" }
sdist = { url = "https://files.pythonhosted.org/packages/47/df/d19f9b47eb6c1aa0ddf95259c757c018c39682facb569e81c23e173bbf35/selectolax-0.4.10.tar.gz", hash = "sha256:89764b4d1e32d38e635dfb270a639fc707af4315b863fd161357a517321e5046", size = 4880217, upload-time = "2026-05-26T15:43:06.411Z" }
wheels = [
    { url = "https://files.pythonhosted.org/packages/33/26/a7966a2e2667463717c71903851b4c8a434afd3b592e8528bc87efa1cb1e/selectolax-0.4.10-cp312-cp312-macosx_10_13_x86_64.whl", hash = "sha256:c1933f53fe7410777b3373b9900010ae8d392a6d245f019d8f011d12f700e389", size = 2241715, upload-time = "2026-05-26T15:41:53.81Z" },
    { url = "https://files.pythonhosted.org/packages/76/55/0181dfa3cdec4c5db9868ca489fc50b5521a74c1847a0628db6e08bd3359/selectolax-0.4.10-cp312-cp312-macosx_11_0_arm64.whl", hash = "sha256:40babac4aea579edfb32b74acdacdb4c38bacb1ee3d1c4189f9665c52c67586f", size = 2292823, upload-time = "2026-05-26T15:41:55.692Z" },
    { url = "https://files.pythonhosted.org/packages/47/95/6d821c8de1bcc8be380c4f9efc6688a433796a5c18809b77219e9616a918/selectolax-0.4.10-cp312-cp312-manylinux2014_aarch64.manylinux_2_17_aarch64.manylinux_2_28_aarch64.whl", hash = "sha256:4d41b7e95ab0e025053efcba71267af12a6c12bc624e3bdf5dd83c6534f3d696", size = 2375082, upload-time = "2026-05-26T15:41:57.243Z" },
    { url = "https://files.pythonhosted.org/packages/2e/c5/23903b34869f6721c36a46b8231da202b7af729f6e28b54fbb06f59e5195/selectolax-0.4.10-cp312-cp312-manylinux2014_x86_64.manylinux_2_17_x86_64.manylinux_2_28_x86_64.whl", hash = "sha256:98e41ac4a761c5d4589ce9c40866a80fa2c5d413ac6b3af9546b43a2b3a8da18", size = 2422073, upload-time = "2026-05-26T15:41:58.667Z" },
    { url = "https://files.pythonhosted.org/packages/23/f3/85f1ac82944254822d7bc8b20bae674d9bb4fb93fd3e101f6f807c7f075c/selectolax-0.4.10-cp312-cp312-musllinux_1_2_aarch64.whl", hash = "sha256:425288d4f5b18cfb0049fd1d6f3bddfba319657b9547b0e2bd24103b4b69435e", size = 2379122, upload-time = "2026-05-26T15:42:00.089Z" },
    { url = "https://files.pythonhosted.org/packages/47/61/c4e8aa47d25245644cc0ce60ea2eb922f501ccea8f642ba01c5d551e8959/selectolax-0.4.10-cp312-cp312-musllinux_1_2_x86_64.whl", hash = "sha256:1ff2585eaf13ddc5c6614b10a7e47679b0c18a78821495e0c448364f8871592e", size = 2441931, upload-time = "2026-05-26T15:42:01.522Z" },
    { url = "https://files.pythonhosted.org/packages/67/73/05eda9364c5f1053f166648a1e69c546e53af0e01901a2f218b32c2a7010/selectolax-0.4.10-cp312-cp312-win32.whl", hash = "sha256:2428f04d2a48ba5f4c182f0d7234a7e38ac799b3358b3063f0ae41f754ee1c4a", size = 1763584, upload-time = "2026-05-26T15:42:03.055Z" },
    { url = "https://files.pythonhosted.org/packages/10/66/abcf20676cd05eeefef58f6644855216575ae3988b719e914d359ffa3104/selectolax-0.4.10-cp312-cp312-win_amd64.whl", hash = "sha256:c4b4b7c5d09a20539d369891332a107a869ee170453254048fbc18f893deb4f9", size = 1859909, upload-time = "2026-05-26T15:42:04.843Z" },
    { url = "https://files.pythonhosted.org/packages/fc/a5/6a84520df37873cbc08af4fd8a719a495d5971a7c370c2ed8512e8391935/selectolax-0.4.10-cp312-cp312-win_arm64.whl", hash = "sha256:98f93b92d23a8feb88efc7c8e692221456bae30dc551d86d376931491152b909", size = 1810017, upload-time = "2026-05-26T15:42:06.561Z" },
    { url = "https://files.pythonhosted.org/packages/37/88/f932da5e018dcec1fa4286414db4798afdd244fbf95a46ac79db018318e1/selectolax-0.4.10-cp313-cp313-macosx_10_13_x86_64.whl", hash = "sha256:3236fc0fbea9e237ee963274ebae700e68b9d6784bf91e0b3693eda63b393fa2", size = 2241128, upload-time = "2026-05-26T15:42:08.34Z" },
    { url = "https://files.pythonhosted.org/packages/9a/10/0a2caaceda0c6cf226fe5e43f6d7b9134207cf61642bed651712c7599646/selectolax-0.4.10-cp313-cp313-macosx_11_0_arm64.whl", hash = "sha256:b43da45acece07f94e4b0d555e073f1a91314c98cb86d10860a1b291bc498976", size = 2291992, upload-time = "2026-05-26T15:42:09.723Z" },
    { url = "https://files.pythonhosted.org/packages/fb/d5/687dfb8c09110a5986a4f3f8e424b61c0f71716c5784077b76f02e4e81d7/selectolax-0.4.10-cp313-cp313-manylinux2014_aarch64.manylinux_2_17_aarch64.manylinux_2_28_aarch64.whl", hash = "sha256:a5c80477a3a93f0ee350d832c6fc764cd2df1299914a816bcd5ed4f0c9701b9b", size = 2374518, upload-time = "2026-05-26T15:42:11.201Z" },
    { url = "https://files.pythonhosted.org/packages/64/44/ac6011d2785f643baf3be4b8910e657e71427d37e41a15a513274b794425/selectolax-0.4.10-cp313-cp313-manylinux2014_x86_64.manylinux_2_17_x86_64.manylinux_2_28_x86_64.whl", hash = "sha256:16055f712bd93507ce61ecac156bb7acf96b2e46c4d4d30c616e810f74f4da6e", size = 2421458, upload-time = "2026-05-26T15:42:12.656Z" },
    { url = "https://files.pythonhosted.org/packages/e6/fa/0cd29c8a629fe890a53ef2db9cf9282dffad9f4d0cf9a41553a87058f82c/selectolax-0.4.10-cp313-cp313-musllinux_1_2_aarch64.whl", hash = "sha256:d42566a7e649d4e5461e763a241f46542df2613876422e0530bc59999063f36d", size = 2378999, upload-time = "2026-05-26T15:42:14.011Z" },
    { url = "https://files.pythonhosted.org/packages/fd/d0/3f9ba04dba314c2f3237aca73e5b6c9578d693297bc0c91b2224d48b2455/selectolax-0.4.10-cp313-cp313-musllinux_1_2_x86_64.whl", hash = "sha256:6517b40e41ae5cc7756f92d88c59f178eb4a3683c7ce39c66bd5617587f628e5", size = 2441425, upload-time = "2026-05-26T15:42:15.66Z" },
    { url = "https://files.pythonhosted.org/packages/34/f3/83e49b1b8dd68d4844a85930a6d68cbf14636be222cda03229833b8326be/selectolax-0.4.10-cp313-cp313-win32.whl", hash = "sha256:7c596b424c55ae87003140f55e6aa6f88e060b645781fa69e947ef60691b2bde", size = 1763466, upload-time = "2026-05-26T15:42:17.674Z" },
    { url = "https://files.pythonhosted.org/packages/16/6b/e77507d5aa7d5724c94333fa229694e108c0a4ca88a1c39ea9ae9ed7afc3/selectolax-0.4.10-cp313-cp313-win_amd64.whl", hash = "sha256:1bb589f6ed0f1ec28784c2cd29de111a5b6f8129c3ecf0e71b9665e588667b97", size = 1861934, upload-time = "2026-05-26T15:42:19.194Z" },
    { url = "https://files.pythonhosted.org/packages/23/69/7e31bb9427fee2d7506d20da60257ec3f72c278c176dbf47b7e0c494d521/selectolax-0.4.10-cp313-cp313-win_arm64.whl", hash = "sha256:ec333fe02c4b7d8a03c0aa58c7c2265edd3312b1ef309f03efd020f595f6dae1", size = 1810021, upload-time = "2026-05-26T15:42:21.185Z" },
    { url = "https://files.pythonhosted.org/packages/5f/21/e48766fb5f921d4a84456a87135a0605d72678753b912be3fd25344f104d/selectolax-0.4.10-cp314-cp314-macosx_10_13_x86_64.whl", hash = "sha256:a95f67ed9d5947562e9268332cc7165660c7db0cd3faea959e13b6901b4d323f", size = 2256784, upload-time = "2026-05-26T15:42:22.946Z" },
    { url = "https://files.pythonhosted.org/packages/df/a5/121f398a2ff01a5947b5601ed16f99e29771dbc21b23b18c8f4527f99a40/selectolax-0.4.10-cp314-cp314-macosx_11_0_arm64.whl", hash = "sha256:01c1354b158f8c87b72ab50a12b4b6d7b276150ded39210d1078d65d1e24ae0d", size = 2308754, upload-time = "2026-05-26T15:42:24.897Z" },
    { url = "https://files.pythonhosted.org/packages/5b/65/3cef0d30585e22c808bc09848e318ccf30b3d00a9123e66ec3d5eb5e5899/selectolax-0.4.10-cp314-cp314-manylinux2014_aarch64.manylinux_2_17_aarch64.manylinux_2_28_aarch64.whl", hash = "sha256:d60cabbf1899916a6389fa36f2908b1a76e00dd044f710ae3dd2d0b14919dfc7", size = 2374320, upload-time = "2026-05-26T15:42:26.771Z" },
    { url = "https://files.pythonhosted.org/packages/4c/63/99e3598c137d638ff67aba0b53d99649e560c04230c838776328be98fd64/selectolax-0.4.10-cp314-cp314-manylinux2014_x86_64.manylinux_2_17_x86_64.manylinux_2_28_x86_64.whl", hash = "sha256:ab8f95b196b2dfb2be3ea7274673d45bb251ec2e16a0e7a3c1fc21c1c20d0722", size = 2420463, upload-time = "2026-05-26T15:42:28.328Z" },
    { url = "https://files.pythonhosted.org/packages/b3/a9/c17ed28a06b6f9214845719c8fd73edfa21013cd03da31ce9a2d83951259/selectolax-0.4.10-cp314-cp314-musllinux_1_2_aarch64.whl", hash = "sha256:a96d59ba2a8ba01e4f732913816f5684d30d0646b7cd0fa17377fc9d1032cc0d", size = 2395397, upload-time = "2026-05-26T15:42:29.774Z" },
    { url = "https://files.pythonhosted.org/packages/14/60/b1bd8724aa041b233a32d9eba3135fd7d4f285b1f216c39b5ba7263680d4/selectolax-0.4.10-cp314-cp314-musllinux_1_2_x86_64.whl", hash = "sha256:794a10f0c2cb9662ad85c5a970a72ca072057d68f7f0b3cf7b3230e5f2a8f221", size = 2458486, upload-time = "2026-05-26T15:42:31.592Z" },
    { url = "https://files.pythonhosted.org/packages/04/7d/a964ceb566a6042170bbb42bd4f22117a13afe15db285c0ab858477c5963/selectolax-0.4.10-cp314-cp314-win32.whl", hash = "sha256:5d5b5437ce7548e7bc0b7712114de07dd0e4f94a30b06c968a6344148621df50", size = 1875157, upload-time = "2026-05-26T15:42:32.959Z" },
    { url = "https://files.pythonhosted.org/packages/7b/e1/0a1f9004a48d1229d90ea42efcd9093688c3afc852c2d122245c499e5821/selectolax-0.4.10-cp314-cp314-win_amd64.whl", hash = "sha256:ab07fc342cf477c0320d22fac52917b824871caf5ab177a0fd94377a901ab657", size = 1970092, upload-time = "2026-05-26T15:42:34.325Z" },
    { url = "https://files.pythonhosted.org/packages/f4/71/1a1d8196ffa9fc84c64a66294ef1ecdbb9951c7a04b9bb6c6d224d776712/selectolax-0.4.10-cp314-cp314-win_arm64.whl", hash = "sha256:8b57c64690e3c86b5d07386e2e598f4d3b4990144b1d5717db7038d0b675a97e", size = 1920951, upload-time = "2026-05-26T15:42:35.627Z" },
    { url = "https://files.pythonhosted.org/packages/0a/9b/74df013d85601d21c5e79682576ead17abe660ffce39a6fb7c300494f829/selectolax-0.4.10-cp314-cp314t-macosx_10_13_x86_64.whl", hash = "sha256:3c21749e3d252419581160f3a3e43c1ad95dd0f83a13fe0d8c8fe6256bf7bbe6", size = 2272452, upload-time = "2026-05-26T15:42:37.379Z" },
    { url = "https://files.pythonhosted.org/packages/9f/a4/c4f94d1ae0d3da58a3dc410d0c59a8e37429c74b38287a2ab0ed0480123d/selectolax-0.4.10-cp314-cp314t-macosx_11_0_arm64.whl", hash = "sha256:88475ef523fe5426d113e8319eeb741806a51cc025840f337661734c65cf1aa4", size = 2318066, upload-time = "2026-05-26T15:42:39.203Z" },
    { url = "https://files.pythonhosted.org/packages/b5/9e/f977b33c18e8957fca9fcbdf445e5501a7dd1afd57b3fc15d07de249e6fc/selectolax-0.4.10-cp314-cp314t-manylinux2014_aarch64.manylinux_2_17_aarch64.manylinux_2_28_aarch64.whl", hash = "sha256:40ecd0ff315dffa4a55840107367b0a54f2cd35be66e700c619364e0cd087ace", size = 2379516, upload-time = "2026-05-26T15:42:40.8Z" },
    { url = "https://files.pythonhosted.org/packages/43/4a/3f086f729dd47423719e5101f64342bd637e4420b0dafb3e5df61a9b37c8/selectolax-0.4.10-cp314-cp314t-manylinux2014_x86_64.manylinux_2_17_x86_64.manylinux_2_28_x86_64.whl", hash = "sha256:b3d199a73894368b83e5d744f64bddf80c22a37c160253a8e81c1a6000be607b", size = 2430207, upload-time = "2026-05-26T15:42:42.751Z" },
    { url = "https://files.pythonhosted.org/packages/84/9d/51a5283bb95c679448bc5d3e1da9a00ebd5e3ad983e2247d1a1190ef3ba6/selectolax-0.4.10-cp314-cp314t-musllinux_1_2_aarch64.whl", hash = "sha256:4b0e1ad8b3d3d11bc173d33bb0fcf9d3ef8c667f1f3debd31ac8e9e3880ee174", size = 2404374, upload-time = "2026-05-26T15:42:44.835Z" },
    { url = "https://files.pythonhosted.org/packages/b4/2b/39cc5599b5531423a4eb68510a395baf8ce8ba9c3655dd86e7b4bc6140ba/selectolax-0.4.10-cp314-cp314t-musllinux_1_2_x86_64.whl", hash = "sha256:373298d5c2e22a73740ba8f60a5813fd6bdb8fa2c0fd170841341ad0119bdf6b", size = 2466741, upload-time = "2026-05-26T15:42:46.492Z" },
    { url = "https://files.pythonhosted.org/packages/fb/7f/b20bb6b03b5cf8e9ff6d524796942291d9157ccfcdbf6bcc5fc322fd2d2b/selectolax-0.4.10-cp314-cp314t-win32.whl", hash = "sha256:67f826152635521e1751665e315f3be82d027fe79d6446bf8434e0f7069e55db", size = 1923995, upload-time = "2026-05-26T15:42:48.041Z" },
    { url = "https://files.pythonhosted.org/packages/5b/e5/8fbe188c6c2aa41e10bd83b46e0498b60ed36584f9ce0a7796ca7f7cd34e/selectolax-0.4.10-cp314-cp314t-win_amd64.whl", hash = "sha256:9c4c9afbd28b81892806e9699ecd323656e1eff7318c1245e80cd6bb78566a99", size = 2039696, upload-time = "2026-05-26T15:42:49.456Z" },
    { url = "https://files.pythonhosted.org/packages/1b/02/e511474facfd324529509626097f981986b7adc935fb4eb436c0812c540f/selectolax-0.4.10-cp314-cp314t-win_arm64.whl", hash = "sha256:68e1ef717b47f5cdcd1b151b2176d7184c38cb3772f8964509979840575203ef", size = 1944297, upload-time = "2026-05-26T15:42:50.906Z" },
]

[[package]]
name = "typing-extensions"
version = "4.15.0"
source = { registry = "https://pypi.org/simple" }
sdist = { url = "https://files.pythonhosted.org/packages/72/94/1a15dd82efb362ac84269196e94cf00f187f7ed21c242792a923cdb1c61f/typing_extensions-4.15.0.tar.gz", hash = "sha256:0cea48d173cc12fa28ecabc3b837ea3cf6f38c6d1136f85cbaaf598984861466", size = 109391, upload-time = "2025-08-25T13:49:26.313Z" }
wheels = [
    { url = "https://files.pythonhosted.org/packages/18/67/36e9267722cc04a6b9f15c7f3441c2363321a3ea07da7ae0c0707beb2a9c/typing_extensions-4.15.0-py3-none-any.whl", hash = "sha256:f0fa19c6845758ab08074a0cfa8b7aecb71c999ca73d62883bc25cc018c4e548", size = 44614, upload-time = "2025-08-25T13:49:24.86Z" },
]
